// !$*UTF8*$!
{
	archiveVersion = 1;
	classes = {
	};
	objectVersion = 56;
	objects = {

/* Begin PBXBuildFile section */
		A9D9BFA77B98F06768FAD2B5 /* Pods_EmployeeParking.framework in Frameworks */ = {isa = PBXBuildFile; fileRef = DCA4F5D3DAF95AF6C73BF5DF /* Pods_EmployeeParking.framework */; };
		DAEE4DC02CABAC7800D93315 /* EmployeeParkingApp.swift in Sources */ = {isa = PBXBuildFile; fileRef = DAEE4DBF2CABAC7800D93315 /* EmployeeParkingApp.swift */; };
		DAEE4DC22CABAC7800D93315 /* LoginView_VC.swift in Sources */ = {isa = PBXBuildFile; fileRef = DAEE4DC12CABAC7800D93315 /* LoginView_VC.swift */; };
		DAEE4DC42CABAC7A00D93315 /* Assets.xcassets in Resources */ = {isa = PBXBuildFile; fileRef = DAEE4DC32CABAC7A00D93315 /* Assets.xcassets */; };
		DAEE4DC72CABAC7A00D93315 /* Preview Assets.xcassets in Resources */ = {isa = PBXBuildFile; fileRef = DAEE4DC62CABAC7A00D93315 /* Preview Assets.xcassets */; };
		DAEE4DD02CABACA800D93315 /* SignUp_VC.swift in Sources */ = {isa = PBXBuildFile; fileRef = DAEE4DCF2CABACA800D93315 /* SignUp_VC.swift */; };
		DAEE4DD72CABAE7F00D93315 /* APIManager.swift in Sources */ = {isa = PBXBuildFile; fileRef = DAEE4DD12CABAE7F00D93315 /* APIManager.swift */; };
		DAEE4DD82CABAE7F00D93315 /* Extension+NSMutableAttributedString.swift in Sources */ = {isa = PBXBuildFile; fileRef = DAEE4DD32CABAE7F00D93315 /* Extension+NSMutableAttributedString.swift */; };
		DAEE4DD92CABAE7F00D93315 /* HelperClass.swift in Sources */ = {isa = PBXBuildFile; fileRef = DAEE4DD52CABAE7F00D93315 /* HelperClass.swift */; };
		DAEE4DDF2CABAEB600D93315 /* DisplayToast.swift in Sources */ = {isa = PBXBuildFile; fileRef = DAEE4DDA2CABAEB500D93315 /* DisplayToast.swift */; };
		DAEE4DE02CABAEB600D93315 /* NoInternet.swift in Sources */ = {isa = PBXBuildFile; fileRef = DAEE4DDB2CABAEB500D93315 /* NoInternet.swift */; };
		DAEE4DE12CABAEB600D93315 /* NoInternet.xib in Resources */ = {isa = PBXBuildFile; fileRef = DAEE4DDC2CABAEB500D93315 /* NoInternet.xib */; };
		DAEE4DE22CABAEB600D93315 /* Reachability.swift in Sources */ = {isa = PBXBuildFile; fileRef = DAEE4DDD2CABAEB500D93315 /* Reachability.swift */; };
		DAEE4DE62CABB25000D93315 /* Dashboard_VC.swift in Sources */ = {isa = PBXBuildFile; fileRef = DAEE4DE52CABB25000D93315 /* Dashboard_VC.swift */; };
		DAEE4DE82CABC77300D93315 /* LoginModal.swift in Sources */ = {isa = PBXBuildFile; fileRef = DAEE4DE72CABC77300D93315 /* LoginModal.swift */; };
		DAEE4DEA2CABC7F200D93315 /* Login_VM.swift in Sources */ = {isa = PBXBuildFile; fileRef = DAEE4DE92CABC7F200D93315 /* Login_VM.swift */; };
		DAEE4DED2CABE0BC00D93315 /* SplashView.swift in Sources */ = {isa = PBXBuildFile; fileRef = DAEE4DEC2CABE0BC00D93315 /* SplashView.swift */; };
		DAEE4DEF2CABF26D00D93315 /* ParkingForm_View.swift in Sources */ = {isa = PBXBuildFile; fileRef = DAEE4DEE2CABF26D00D93315 /* ParkingForm_View.swift */; };
		DAEE4DF22CAC157B00D93315 /* Dashboard_VM.swift in Sources */ = {isa = PBXBuildFile; fileRef = DAEE4DF12CAC157B00D93315 /* Dashboard_VM.swift */; };
		DAEE4DF42CAC176F00D93315 /* Parking_VM.swift in Sources */ = {isa = PBXBuildFile; fileRef = DAEE4DF32CAC176F00D93315 /* Parking_VM.swift */; };
/* End PBXBuildFile section */

/* Begin PBXFileReference section */
		CF29FF2339EC0D4DB034A6A0 /* Pods-EmployeeParking.release.xcconfig */ = {isa = PBXFileReference; includeInIndex = 1; lastKnownFileType = text.xcconfig; name = "Pods-EmployeeParking.release.xcconfig"; path = "Target Support Files/Pods-EmployeeParking/Pods-EmployeeParking.release.xcconfig"; sourceTree = "<group>"; };
		DAEE4DBC2CABAC7800D93315 /* EmployeeParking.app */ = {isa = PBXFileReference; explicitFileType = wrapper.application; includeInIndex = 0; path = EmployeeParking.app; sourceTree = BUILT_PRODUCTS_DIR; };
		DAEE4DBF2CABAC7800D93315 /* EmployeeParkingApp.swift */ = {isa = PBXFileReference; lastKnownFileType = sourcecode.swift; path = EmployeeParkingApp.swift; sourceTree = "<group>"; };
		DAEE4DC12CABAC7800D93315 /* LoginView_VC.swift */ = {isa = PBXFileReference; lastKnownFileType = sourcecode.swift; path = LoginView_VC.swift; sourceTree = "<group>"; };
		DAEE4DC32CABAC7A00D93315 /* Assets.xcassets */ = {isa = PBXFileReference; lastKnownFileType = folder.assetcatalog; path = Assets.xcassets; sourceTree = "<group>"; };
		DAEE4DC62CABAC7A00D93315 /* Preview Assets.xcassets */ = {isa = PBXFileReference; lastKnownFileType = folder.assetcatalog; path = "Preview Assets.xcassets"; sourceTree = "<group>"; };
		DAEE4DCF2CABACA800D93315 /* SignUp_VC.swift */ = {isa = PBXFileReference; lastKnownFileType = sourcecode.swift; path = SignUp_VC.swift; sourceTree = "<group>"; };
		DAEE4DD12CABAE7F00D93315 /* APIManager.swift */ = {isa = PBXFileReference; fileEncoding = 4; lastKnownFileType = sourcecode.swift; path = APIManager.swift; sourceTree = "<group>"; };
		DAEE4DD32CABAE7F00D93315 /* Extension+NSMutableAttributedString.swift */ = {isa = PBXFileReference; fileEncoding = 4; lastKnownFileType = sourcecode.swift; path = "Extension+NSMutableAttributedString.swift"; sourceTree = "<group>"; };
		DAEE4DD52CABAE7F00D93315 /* HelperClass.swift */ = {isa = PBXFileReference; fileEncoding = 4; lastKnownFileType = sourcecode.swift; path = HelperClass.swift; sourceTree = "<group>"; };
		DAEE4DDA2CABAEB500D93315 /* DisplayToast.swift */ = {isa = PBXFileReference; fileEncoding = 4; lastKnownFileType = sourcecode.swift; path = DisplayToast.swift; sourceTree = "<group>"; };
		DAEE4DDB2CABAEB500D93315 /* NoInternet.swift */ = {isa = PBXFileReference; fileEncoding = 4; lastKnownFileType = sourcecode.swift; path = NoInternet.swift; sourceTree = "<group>"; };
		DAEE4DDC2CABAEB500D93315 /* NoInternet.xib */ = {isa = PBXFileReference; fileEncoding = 4; lastKnownFileType = file.xib; path = NoInternet.xib; sourceTree = "<group>"; };
		DAEE4DDD2CABAEB500D93315 /* Reachability.swift */ = {isa = PBXFileReference; fileEncoding = 4; lastKnownFileType = sourcecode.swift; path = Reachability.swift; sourceTree = "<group>"; };
		DAEE4DE52CABB25000D93315 /* Dashboard_VC.swift */ = {isa = PBXFileReference; lastKnownFileType = sourcecode.swift; path = Dashboard_VC.swift; sourceTree = "<group>"; };
		DAEE4DE72CABC77300D93315 /* LoginModal.swift */ = {isa = PBXFileReference; lastKnownFileType = sourcecode.swift; path = LoginModal.swift; sourceTree = "<group>"; };
		DAEE4DE92CABC7F200D93315 /* Login_VM.swift */ = {isa = PBXFileReference; lastKnownFileType = sourcecode.swift; path = Login_VM.swift; sourceTree = "<group>"; };
		DAEE4DEC2CABE0BC00D93315 /* SplashView.swift */ = {isa = PBXFileReference; lastKnownFileType = sourcecode.swift; path = SplashView.swift; sourceTree = "<group>"; };
		DAEE4DEE2CABF26D00D93315 /* ParkingForm_View.swift */ = {isa = PBXFileReference; lastKnownFileType = sourcecode.swift; path = ParkingForm_View.swift; sourceTree = "<group>"; };
		DAEE4DF12CAC157B00D93315 /* Dashboard_VM.swift */ = {isa = PBXFileReference; lastKnownFileType = sourcecode.swift; path = Dashboard_VM.swift; sourceTree = "<group>"; };
		DAEE4DF32CAC176F00D93315 /* Parking_VM.swift */ = {isa = PBXFileReference; lastKnownFileType = sourcecode.swift; path = Parking_VM.swift; sourceTree = "<group>"; };
		DCA4F5D3DAF95AF6C73BF5DF /* Pods_EmployeeParking.framework */ = {isa = PBXFileReference; explicitFileType = wrapper.framework; includeInIndex = 0; path = Pods_EmployeeParking.framework; sourceTree = BUILT_PRODUCTS_DIR; };
		DF4280DC7DD4234024240C17 /* Pods-EmployeeParking.debug.xcconfig */ = {isa = PBXFileReference; includeInIndex = 1; lastKnownFileType = text.xcconfig; name = "Pods-EmployeeParking.debug.xcconfig"; path = "Target Support Files/Pods-EmployeeParking/Pods-EmployeeParking.debug.xcconfig"; sourceTree = "<group>"; };
/* End PBXFileReference section */

/* Begin PBXFrameworksBuildPhase section */
		DAEE4DB92CABAC7800D93315 /* Frameworks */ = {
			isa = PBXFrameworksBuildPhase;
			buildActionMask = 2147483647;
			files = (
				A9D9BFA77B98F06768FAD2B5 /* Pods_EmployeeParking.framework in Frameworks */,
			);
			runOnlyForDeploymentPostprocessing = 0;
		};
/* End PBXFrameworksBuildPhase section */

/* Begin PBXGroup section */
		4EA833E103C7675313DDD84A /* Frameworks */ = {
			isa = PBXGroup;
			children = (
				DCA4F5D3DAF95AF6C73BF5DF /* Pods_EmployeeParking.framework */,
			);
			name = Frameworks;
			sourceTree = "<group>";
		};
		5E03AFB8518092D12B1FF390 /* Pods */ = {
			isa = PBXGroup;
			children = (
				DF4280DC7DD4234024240C17 /* Pods-EmployeeParking.debug.xcconfig */,
				CF29FF2339EC0D4DB034A6A0 /* Pods-EmployeeParking.release.xcconfig */,
			);
			path = Pods;
			sourceTree = "<group>";
		};
		DAEE4DB32CABAC7800D93315 = {
			isa = PBXGroup;
			children = (
				DAEE4DEB2CABE0AD00D93315 /* Splash */,
				DAEE4DBE2CABAC7800D93315 /* EmployeeParking */,
				DAEE4DBD2CABAC7800D93315 /* Products */,
				5E03AFB8518092D12B1FF390 /* Pods */,
				4EA833E103C7675313DDD84A /* Frameworks */,
			);
			sourceTree = "<group>";
		};
		DAEE4DBD2CABAC7800D93315 /* Products */ = {
			isa = PBXGroup;
			children = (
				DAEE4DBC2CABAC7800D93315 /* EmployeeParking.app */,
			);
			name = Products;
			sourceTree = "<group>";
		};
		DAEE4DBE2CABAC7800D93315 /* EmployeeParking */ = {
			isa = PBXGroup;
			children = (
				DAEE4DE42CABB23000D93315 /* Dashboard_VC */,
				DAEE4DCE2CABAC8D00D93315 /* SignUp */,
				DAEE4DCD2CABAC8600D93315 /* Login */,
				DAEE4DBF2CABAC7800D93315 /* EmployeeParkingApp.swift */,
				DAEE4DC32CABAC7A00D93315 /* Assets.xcassets */,
				DAEE4DE32CABAEB900D93315 /* HelpingHands */,
				DAEE4DC52CABAC7A00D93315 /* Preview Content */,
			);
			path = EmployeeParking;
			sourceTree = "<group>";
		};
		DAEE4DC52CABAC7A00D93315 /* Preview Content */ = {
			isa = PBXGroup;
			children = (
				DAEE4DC62CABAC7A00D93315 /* Preview Assets.xcassets */,
			);
			path = "Preview Content";
			sourceTree = "<group>";
		};
		DAEE4DCD2CABAC8600D93315 /* Login */ = {
			isa = PBXGroup;
			children = (
				DAEE4DC12CABAC7800D93315 /* LoginView_VC.swift */,
				DAEE4DE72CABC77300D93315 /* LoginModal.swift */,
				DAEE4DE92CABC7F200D93315 /* Login_VM.swift */,
			);
			path = Login;
			sourceTree = "<group>";
		};
		DAEE4DCE2CABAC8D00D93315 /* SignUp */ = {
			isa = PBXGroup;
			children = (
				DAEE4DCF2CABACA800D93315 /* SignUp_VC.swift */,
			);
			path = SignUp;
			sourceTree = "<group>";
		};
		DAEE4DD22CABAE7F00D93315 /* APIManger */ = {
			isa = PBXGroup;
			children = (
				DAEE4DD12CABAE7F00D93315 /* APIManager.swift */,
			);
			path = APIManger;
			sourceTree = "<group>";
		};
		DAEE4DD42CABAE7F00D93315 /* ExtensionHelper */ = {
			isa = PBXGroup;
			children = (
				DAEE4DD32CABAE7F00D93315 /* Extension+NSMutableAttributedString.swift */,
			);
			path = ExtensionHelper;
			sourceTree = "<group>";
		};
		DAEE4DD62CABAE7F00D93315 /* Helper */ = {
			isa = PBXGroup;
			children = (
				DAEE4DD42CABAE7F00D93315 /* ExtensionHelper */,
				DAEE4DD52CABAE7F00D93315 /* HelperClass.swift */,
			);
			path = Helper;
			sourceTree = "<group>";
		};
		DAEE4DDE2CABAEB500D93315 /* Network */ = {
			isa = PBXGroup;
			children = (
				DAEE4DDA2CABAEB500D93315 /* DisplayToast.swift */,
				DAEE4DDB2CABAEB500D93315 /* NoInternet.swift */,
				DAEE4DDC2CABAEB500D93315 /* NoInternet.xib */,
				DAEE4DDD2CABAEB500D93315 /* Reachability.swift */,
			);
			path = Network;
			sourceTree = "<group>";
		};
		DAEE4DE32CABAEB900D93315 /* HelpingHands */ = {
			isa = PBXGroup;
			children = (
				DAEE4DDE2CABAEB500D93315 /* Network */,
				DAEE4DD22CABAE7F00D93315 /* APIManger */,
				DAEE4DD62CABAE7F00D93315 /* Helper */,
			);
			path = HelpingHands;
			sourceTree = "<group>";
		};
		DAEE4DE42CABB23000D93315 /* Dashboard_VC */ = {
			isa = PBXGroup;
			children = (
				DAEE4DF02CAC156A00D93315 /* DashBordVM */,
				DAEE4DE52CABB25000D93315 /* Dashboard_VC.swift */,
				DAEE4DEE2CABF26D00D93315 /* ParkingForm_View.swift */,
				DAEE4DF32CAC176F00D93315 /* Parking_VM.swift */,
			);
			path = Dashboard_VC;
			sourceTree = "<group>";
		};
		DAEE4DEB2CABE0AD00D93315 /* Splash */ = {
			isa = PBXGroup;
			children = (
				DAEE4DEC2CABE0BC00D93315 /* SplashView.swift */,
			);
			path = Splash;
			sourceTree = "<group>";
		};
		DAEE4DF02CAC156A00D93315 /* DashBordVM */ = {
			isa = PBXGroup;
			children = (
				DAEE4DF12CAC157B00D93315 /* Dashboard_VM.swift */,
			);
			path = DashBordVM;
			sourceTree = "<group>";
		};
/* End PBXGroup section */

/* Begin PBXNativeTarget section */
		DAEE4DBB2CABAC7800D93315 /* EmployeeParking */ = {
			isa = PBXNativeTarget;
			buildConfigurationList = DAEE4DCA2CABAC7A00D93315 /* Build configuration list for PBXNativeTarget "EmployeeParking" */;
			buildPhases = (
				5BFCE0FD2FFC470D8814DB25 /* [CP] Check Pods Manifest.lock */,
				DAEE4DB82CABAC7800D93315 /* Sources */,
				DAEE4DB92CABAC7800D93315 /* Frameworks */,
				DAEE4DBA2CABAC7800D93315 /* Resources */,
				45EBCA2C22A619347BB6D485 /* [CP] Embed Pods Frameworks */,
			);
			buildRules = (
			);
			dependencies = (
			);
			name = EmployeeParking;
			productName = EmployeeParking;
			productReference = DAEE4DBC2CABAC7800D93315 /* EmployeeParking.app */;
			productType = "com.apple.product-type.application";
		};
/* End PBXNativeTarget section */

/* Begin PBXProject section */
		DAEE4DB42CABAC7800D93315 /* Project object */ = {
			isa = PBXProject;
			attributes = {
				BuildIndependentTargetsInParallel = 1;
				LastSwiftUpdateCheck = 1540;
				LastUpgradeCheck = 1540;
				TargetAttributes = {
					DAEE4DBB2CABAC7800D93315 = {
						CreatedOnToolsVersion = 15.4;
					};
				};
			};
			buildConfigurationList = DAEE4DB72CABAC7800D93315 /* Build configuration list for PBXProject "EmployeeParking" */;
			compatibilityVersion = "Xcode 14.0";
			developmentRegion = en;
			hasScannedForEncodings = 0;
			knownRegions = (
				en,
				Base,
			);
			mainGroup = DAEE4DB32CABAC7800D93315;
			productRefGroup = DAEE4DBD2CABAC7800D93315 /* Products */;
			projectDirPath = "";
			projectRoot = "";
			targets = (
				DAEE4DBB2CABAC7800D93315 /* EmployeeParking */,
			);
		};
/* End PBXProject section */

/* Begin PBXResourcesBuildPhase section */
		DAEE4DBA2CABAC7800D93315 /* Resources */ = {
			isa = PBXResourcesBuildPhase;
			buildActionMask = 2147483647;
			files = (
				DAEE4DE12CABAEB600D93315 /* NoInternet.xib in Resources */,
				DAEE4DC72CABAC7A00D93315 /* Preview Assets.xcassets in Resources */,
				DAEE4DC42CABAC7A00D93315 /* Assets.xcassets in Resources */,
			);
			runOnlyForDeploymentPostprocessing = 0;
		};
/* End PBXResourcesBuildPhase section */

/* Begin PBXShellScriptBuildPhase section */
		45EBCA2C22A619347BB6D485 /* [CP] Embed Pods Frameworks */ = {
			isa = PBXShellScriptBuildPhase;
			buildActionMask = 2147483647;
			files = (
			);
			inputFileListPaths = (
				"${PODS_ROOT}/Target Support Files/Pods-EmployeeParking/Pods-EmployeeParking-frameworks-${CONFIGURATION}-input-files.xcfilelist",
			);
			name = "[CP] Embed Pods Frameworks";
			outputFileListPaths = (
				"${PODS_ROOT}/Target Support Files/Pods-EmployeeParking/Pods-EmployeeParking-frameworks-${CONFIGURATION}-output-files.xcfilelist",
			);
			runOnlyForDeploymentPostprocessing = 0;
			shellPath = /bin/sh;
			shellScript = "\"${PODS_ROOT}/Target Support Files/Pods-EmployeeParking/Pods-EmployeeParking-frameworks.sh\"\n";
			showEnvVarsInLog = 0;
		};
		5BFCE0FD2FFC470D8814DB25 /* [CP] Check Pods Manifest.lock */ = {
			isa = PBXShellScriptBuildPhase;
			buildActionMask = 2147483647;
			files = (
			);
			inputFileListPaths = (
			);
			inputPaths = (
				"${PODS_PODFILE_DIR_PATH}/Podfile.lock",
				"${PODS_ROOT}/Manifest.lock",
			);
			name = "[CP] Check Pods Manifest.lock";
			outputFileListPaths = (
			);
			outputPaths = (
				"$(DERIVED_FILE_DIR)/Pods-EmployeeParking-checkManifestLockResult.txt",
			);
			runOnlyForDeploymentPostprocessing = 0;
			shellPath = /bin/sh;
			shellScript = "diff \"${PODS_PODFILE_DIR_PATH}/Podfile.lock\" \"${PODS_ROOT}/Manifest.lock\" > /dev/null\nif [ $? != 0 ] ; then\n    # print error to STDERR\n    echo \"error: The sandbox is not in sync with the Podfile.lock. Run 'pod install' or update your CocoaPods installation.\" >&2\n    exit 1\nfi\n# This output is used by Xcode 'outputs' to avoid re-running this script phase.\necho \"SUCCESS\" > \"${SCRIPT_OUTPUT_FILE_0}\"\n";
			showEnvVarsInLog = 0;
		};
/* End PBXShellScriptBuildPhase section */

/* Begin PBXSourcesBuildPhase section */
		DAEE4DB82CABAC7800D93315 /* Sources */ = {
			isa = PBXSourcesBuildPhase;
			buildActionMask = 2147483647;
			files = (
				DAEE4DD92CABAE7F00D93315 /* HelperClass.swift in Sources */,
				DAEE4DE62CABB25000D93315 /* Dashboard_VC.swift in Sources */,
				DAEE4DE02CABAEB600D93315 /* NoInternet.swift in Sources */,
				DAEE4DE82CABC77300D93315 /* LoginModal.swift in Sources */,
				DAEE4DDF2CABAEB600D93315 /* DisplayToast.swift in Sources */,
				DAEE4DD72CABAE7F00D93315 /* APIManager.swift in Sources */,
				DAEE4DC22CABAC7800D93315 /* LoginView_VC.swift in Sources */,
				DAEE4DE22CABAEB600D93315 /* Reachability.swift in Sources */,
				DAEE4DEA2CABC7F200D93315 /* Login_VM.swift in Sources */,
				DAEE4DF42CAC176F00D93315 /* Parking_VM.swift in Sources */,
				DAEE4DC02CABAC7800D93315 /* EmployeeParkingApp.swift in Sources */,
				DAEE4DD02CABACA800D93315 /* SignUp_VC.swift in Sources */,
				DAEE4DF22CAC157B00D93315 /* Dashboard_VM.swift in Sources */,
				DAEE4DD82CABAE7F00D93315 /* Extension+NSMutableAttributedString.swift in Sources */,
				DAEE4DED2CABE0BC00D93315 /* SplashView.swift in Sources */,
				DAEE4DEF2CABF26D00D93315 /* ParkingForm_View.swift in Sources */,
			);
			runOnlyForDeploymentPostprocessing = 0;
		};
/* End PBXSourcesBuildPhase section */

/* Begin XCBuildConfiguration section */
		DAEE4DC82CABAC7A00D93315 /* Debug */ = {
			isa = XCBuildConfiguration;
			buildSettings = {
				ALWAYS_SEARCH_USER_PATHS = NO;
				ASSETCATALOG_COMPILER_GENERATE_SWIFT_ASSET_SYMBOL_EXTENSIONS = YES;
				CLANG_ANALYZER_NONNULL = YES;
				CLANG_ANALYZER_NUMBER_OBJECT_CONVERSION = YES_AGGRESSIVE;
				CLANG_CXX_LANGUAGE_STANDARD = "gnu++20";
				CLANG_ENABLE_MODULES = YES;
				CLANG_ENABLE_OBJC_ARC = YES;
				CLANG_ENABLE_OBJC_WEAK = YES;
				CLANG_WARN_BLOCK_CAPTURE_AUTORELEASING = YES;
				CLANG_WARN_BOOL_CONVERSION = YES;
				CLANG_WARN_COMMA = YES;
				CLANG_WARN_CONSTANT_CONVERSION = YES;
				CLANG_WARN_DEPRECATED_OBJC_IMPLEMENTATIONS = YES;
				CLANG_WARN_DIRECT_OBJC_ISA_USAGE = YES_ERROR;
				CLANG_WARN_DOCUMENTATION_COMMENTS = YES;
				CLANG_WARN_EMPTY_BODY = YES;
				CLANG_WARN_ENUM_CONVERSION = YES;
				CLANG_WARN_INFINITE_RECURSION = YES;
				CLANG_WARN_INT_CONVERSION = YES;
				CLANG_WARN_NON_LITERAL_NULL_CONVERSION = YES;
				CLANG_WARN_OBJC_IMPLICIT_RETAIN_SELF = YES;
				CLANG_WARN_OBJC_LITERAL_CONVERSION = YES;
				CLANG_WARN_OBJC_ROOT_CLASS = YES_ERROR;
				CLANG_WARN_QUOTED_INCLUDE_IN_FRAMEWORK_HEADER = YES;
				CLANG_WARN_RANGE_LOOP_ANALYSIS = YES;
				CLANG_WARN_STRICT_PROTOTYPES = YES;
				CLANG_WARN_SUSPICIOUS_MOVE = YES;
				CLANG_WARN_UNGUARDED_AVAILABILITY = YES_AGGRESSIVE;
				CLANG_WARN_UNREACHABLE_CODE = YES;
				CLANG_WARN__DUPLICATE_METHOD_MATCH = YES;
				COPY_PHASE_STRIP = NO;
				DEBUG_INFORMATION_FORMAT = dwarf;
				ENABLE_STRICT_OBJC_MSGSEND = YES;
				ENABLE_TESTABILITY = YES;
				ENABLE_USER_SCRIPT_SANDBOXING = YES;
				GCC_C_LANGUAGE_STANDARD = gnu17;
				GCC_DYNAMIC_NO_PIC = NO;
				GCC_NO_COMMON_BLOCKS = YES;
				GCC_OPTIMIZATION_LEVEL = 0;
				GCC_PREPROCESSOR_DEFINITIONS = (
					"DEBUG=1",
					"$(inherited)",
				);
				GCC_WARN_64_TO_32_BIT_CONVERSION = YES;
				GCC_WARN_ABOUT_RETURN_TYPE = YES_ERROR;
				GCC_WARN_UNDECLARED_SELECTOR = YES;
				GCC_WARN_UNINITIALIZED_AUTOS = YES_AGGRESSIVE;
				GCC_WARN_UNUSED_FUNCTION = YES;
				GCC_WARN_UNUSED_VARIABLE = YES;
				IPHONEOS_DEPLOYMENT_TARGET = 17.5;
				LOCALIZATION_PREFERS_STRING_CATALOGS = YES;
				MTL_ENABLE_DEBUG_INFO = INCLUDE_SOURCE;
				MTL_FAST_MATH = YES;
				ONLY_ACTIVE_ARCH = YES;
				SDKROOT = iphoneos;
				SWIFT_ACTIVE_COMPILATION_CONDITIONS = "DEBUG $(inherited)";
				SWIFT_OPTIMIZATION_LEVEL = "-Onone";
			};
			name = Debug;
		};
		DAEE4DC92CABAC7A00D93315 /* Release */ = {
			isa = XCBuildConfiguration;
			buildSettings = {
				ALWAYS_SEARCH_USER_PATHS = NO;
				ASSETCATALOG_COMPILER_GENERATE_SWIFT_ASSET_SYMBOL_EXTENSIONS = YES;
				CLANG_ANALYZER_NONNULL = YES;
				CLANG_ANALYZER_NUMBER_OBJECT_CONVERSION = YES_AGGRESSIVE;
				CLANG_CXX_LANGUAGE_STANDARD = "gnu++20";
				CLANG_ENABLE_MODULES = YES;
				CLANG_ENABLE_OBJC_ARC = YES;
				CLANG_ENABLE_OBJC_WEAK = YES;
				CLANG_WARN_BLOCK_CAPTURE_AUTORELEASING = YES;
				CLANG_WARN_BOOL_CONVERSION = YES;
				CLANG_WARN_COMMA = YES;
				CLANG_WARN_CONSTANT_CONVERSION = YES;
				CLANG_WARN_DEPRECATED_OBJC_IMPLEMENTATIONS = YES;
				CLANG_WARN_DIRECT_OBJC_ISA_USAGE = YES_ERROR;
				CLANG_WARN_DOCUMENTATION_COMMENTS = YES;
				CLANG_WARN_EMPTY_BODY = YES;
				CLANG_WARN_ENUM_CONVERSION = YES;
				CLANG_WARN_INFINITE_RECURSION = YES;
				CLANG_WARN_INT_CONVERSION = YES;
				CLANG_WARN_NON_LITERAL_NULL_CONVERSION = YES;
				CLANG_WARN_OBJC_IMPLICIT_RETAIN_SELF = YES;
				CLANG_WARN_OBJC_LITERAL_CONVERSION = YES;
				CLANG_WARN_OBJC_ROOT_CLASS = YES_ERROR;
				CLANG_WARN_QUOTED_INCLUDE_IN_FRAMEWORK_HEADER = YES;
				CLANG_WARN_RANGE_LOOP_ANALYSIS = YES;
				CLANG_WARN_STRICT_PROTOTYPES = YES;
				CLANG_WARN_SUSPICIOUS_MOVE = YES;
				CLANG_WARN_UNGUARDED_AVAILABILITY = YES_AGGRESSIVE;
				CLANG_WARN_UNREACHABLE_CODE = YES;
				CLANG_WARN__DUPLICATE_METHOD_MATCH = YES;
				COPY_PHASE_STRIP = NO;
				DEBUG_INFORMATION_FORMAT = "dwarf-with-dsym";
				ENABLE_NS_ASSERTIONS = NO;
				ENABLE_STRICT_OBJC_MSGSEND = YES;
				ENABLE_USER_SCRIPT_SANDBOXING = YES;
				GCC_C_LANGUAGE_STANDARD = gnu17;
				GCC_NO_COMMON_BLOCKS = YES;
				GCC_WARN_64_TO_32_BIT_CONVERSION = YES;
				GCC_WARN_ABOUT_RETURN_TYPE = YES_ERROR;
				GCC_WARN_UNDECLARED_SELECTOR = YES;
				GCC_WARN_UNINITIALIZED_AUTOS = YES_AGGRESSIVE;
				GCC_WARN_UNUSED_FUNCTION = YES;
				GCC_WARN_UNUSED_VARIABLE = YES;
				IPHONEOS_DEPLOYMENT_TARGET = 17.5;
				LOCALIZATION_PREFERS_STRING_CATALOGS = YES;
				MTL_ENABLE_DEBUG_INFO = NO;
				MTL_FAST_MATH = YES;
				SDKROOT = iphoneos;
				SWIFT_COMPILATION_MODE = wholemodule;
				VALIDATE_PRODUCT = YES;
			};
			name = Release;
		};
		DAEE4DCB2CABAC7A00D93315 /* Debug */ = {
			isa = XCBuildConfiguration;
			baseConfigurationReference = DF4280DC7DD4234024240C17 /* Pods-EmployeeParking.debug.xcconfig */;
			buildSettings = {
				ASSETCATALOG_COMPILER_APPICON_NAME = AppIcon;
				ASSETCATALOG_COMPILER_GLOBAL_ACCENT_COLOR_NAME = AccentColor;
				CODE_SIGN_STYLE = Automatic;
				CURRENT_PROJECT_VERSION = 1;
				DEVELOPMENT_ASSET_PATHS = "\"EmployeeParking/Preview Content\"";
				DEVELOPMENT_TEAM = C4F4UT46ET;
				ENABLE_PREVIEWS = YES;
				ENABLE_USER_SCRIPT_SANDBOXING = NO;
				GENERATE_INFOPLIST_FILE = YES;
				INFOPLIST_KEY_UIApplicationSceneManifest_Generation = YES;
				INFOPLIST_KEY_UIApplicationSupportsIndirectInputEvents = YES;
				INFOPLIST_KEY_UILaunchScreen_Generation = YES;
				INFOPLIST_KEY_UISupportedInterfaceOrientations_iPad = "UIInterfaceOrientationPortrait UIInterfaceOrientationPortraitUpsideDown UIInterfaceOrientationLandscapeLeft UIInterfaceOrientationLandscapeRight";
				INFOPLIST_KEY_UISupportedInterfaceOrientations_iPhone = "UIInterfaceOrientationPortrait UIInterfaceOrientationLandscapeLeft UIInterfaceOrientationLandscapeRight";
				IPHONEOS_DEPLOYMENT_TARGET = 16.0;
				LD_RUNPATH_SEARCH_PATHS = (
					"$(inherited)",
					"@executable_path/Frameworks",
				);
				MARKETING_VERSION = 1.0;
				PRODUCT_BUNDLE_IDENTIFIER = com.madeEasy.sample;
				PRODUCT_NAME = "$(TARGET_NAME)";
				SUPPORTED_PLATFORMS = "iphoneos iphonesimulator";
				SUPPORTS_MACCATALYST = NO;
				SUPPORTS_MAC_DESIGNED_FOR_IPHONE_IPAD = NO;
				SUPPORTS_XR_DESIGNED_FOR_IPHONE_IPAD = NO;
				SWIFT_EMIT_LOC_STRINGS = YES;
				SWIFT_VERSION = 5.0;
				TARGETED_DEVICE_FAMILY = "1,2";
			};
			name = Debug;
		};
		DAEE4DCC2CABAC7A00D93315 /* Release */ = {
			isa = XCBuildConfiguration;
			baseConfigurationReference = CF29FF2339EC0D4DB034A6A0 /* Pods-EmployeeParking.release.xcconfig */;
			buildSettings = {
				ASSETCATALOG_COMPILER_APPICON_NAME = AppIcon;
				ASSETCATALOG_COMPILER_GLOBAL_ACCENT_COLOR_NAME = AccentColor;
				CODE_SIGN_STYLE = Automatic;
				CURRENT_PROJECT_VERSION = 1;
				DEVELOPMENT_ASSET_PATHS = "\"EmployeeParking/Preview Content\"";
				DEVELOPMENT_TEAM = C4F4UT46ET;
				ENABLE_PREVIEWS = YES;
				ENABLE_USER_SCRIPT_SANDBOXING = NO;
				GENERATE_INFOPLIST_FILE = YES;
				INFOPLIST_KEY_UIApplicationSceneManifest_Generation = YES;
				INFOPLIST_KEY_UIApplicationSupportsIndirectInputEvents = YES;
				INFOPLIST_KEY_UILaunchScreen_Generation = YES;
				INFOPLIST_KEY_UISupportedInterfaceOrientations_iPad = "UIInterfaceOrientationPortrait UIInterfaceOrientationPortraitUpsideDown UIInterfaceOrientationLandscapeLeft UIInterfaceOrientationLandscapeRight";
				INFOPLIST_KEY_UISupportedInterfaceOrientations_iPhone = "UIInterfaceOrientationPortrait UIInterfaceOrientationLandscapeLeft UIInterfaceOrientationLandscapeRight";
				IPHONEOS_DEPLOYMENT_TARGET = 16.0;
				LD_RUNPATH_SEARCH_PATHS = (
					"$(inherited)",
					"@executable_path/Frameworks",
				);
				MARKETING_VERSION = 1.0;
				PRODUCT_BUNDLE_IDENTIFIER = com.madeEasy.sample;
				PRODUCT_NAME = "$(TARGET_NAME)";
				SUPPORTED_PLATFORMS = "iphoneos iphonesimulator";
				SUPPORTS_MACCATALYST = NO;
				SUPPORTS_MAC_DESIGNED_FOR_IPHONE_IPAD = NO;
				SUPPORTS_XR_DESIGNED_FOR_IPHONE_IPAD = NO;
				SWIFT_EMIT_LOC_STRINGS = YES;
				SWIFT_VERSION = 5.0;
				TARGETED_DEVICE_FAMILY = "1,2";
			};
			name = Release;
		};
/* End XCBuildConfiguration section */

/* Begin XCConfigurationList section */
		DAEE4DB72CABAC7800D93315 /* Build configuration list for PBXProject "EmployeeParking" */ = {
			isa = XCConfigurationList;
			buildConfigurations = (
				DAEE4DC82CABAC7A00D93315 /* Debug */,
				DAEE4DC92CABAC7A00D93315 /* Release */,
			);
			defaultConfigurationIsVisible = 0;
			defaultConfigurationName = Release;
		};
		DAEE4DCA2CABAC7A00D93315 /* Build configuration list for PBXNativeTarget "EmployeeParking" */ = {
			isa = XCConfigurationList;
			buildConfigurations = (
				DAEE4DCB2CABAC7A00D93315 /* Debug */,
				DAEE4DCC2CABAC7A00D93315 /* Release */,
			);
			defaultConfigurationIsVisible = 0;
			defaultConfigurationName = Release;
		};
/* End XCConfigurationList section */
	};
	rootObject = DAEE4DB42CABAC7800D93315 /* Project object */;
}
