// !$*UTF8*$!
{
	archiveVersion = 1;
	classes = {
	};
	objectVersion = 56;
	objects = {

/* Begin PBXBuildFile section */
		DAF4D1E12CAAC1DE007EBAD7 /* AppDelegate.swift in Sources */ = {isa = PBXBuildFile; fileRef = DAF4D1E02CAAC1DE007EBAD7 /* AppDelegate.swift */; };
		DAF4D1E32CAAC1DE007EBAD7 /* SceneDelegate.swift in Sources */ = {isa = PBXBuildFile; fileRef = DAF4D1E22CAAC1DE007EBAD7 /* SceneDelegate.swift */; };
		DAF4D1E52CAAC1DE007EBAD7 /* ViewController.swift in Sources */ = {isa = PBXBuildFile; fileRef = DAF4D1E42CAAC1DE007EBAD7 /* ViewController.swift */; };
		DAF4D1E82CAAC1DE007EBAD7 /* Base in Resources */ = {isa = PBXBuildFile; fileRef = DAF4D1E72CAAC1DE007EBAD7 /* Base */; };
		DAF4D1EA2CAAC1DF007EBAD7 /* Assets.xcassets in Resources */ = {isa = PBXBuildFile; fileRef = DAF4D1E92CAAC1DF007EBAD7 /* Assets.xcassets */; };
		DAF4D1ED2CAAC1DF007EBAD7 /* Base in Resources */ = {isa = PBXBuildFile; fileRef = DAF4D1EC2CAAC1DF007EBAD7 /* Base */; };
		DAF4D1F62CAAC20A007EBAD7 /* APIManager.swift in Sources */ = {isa = PBXBuildFile; fileRef = DAF4D1F42CAAC20A007EBAD7 /* APIManager.swift */; };
		DAF4D1FB2CAAC212007EBAD7 /* DisplayToast.swift in Sources */ = {isa = PBXBuildFile; fileRef = DAF4D1F72CAAC212007EBAD7 /* DisplayToast.swift */; };
		DAF4D1FC2CAAC212007EBAD7 /* NoInternet.swift in Sources */ = {isa = PBXBuildFile; fileRef = DAF4D1F82CAAC212007EBAD7 /* NoInternet.swift */; };
		DAF4D1FD2CAAC212007EBAD7 /* NoInternet.xib in Resources */ = {isa = PBXBuildFile; fileRef = DAF4D1F92CAAC212007EBAD7 /* NoInternet.xib */; };
		DAF4D2002CAADE4C007EBAD7 /* Reachability.swift in Sources */ = {isa = PBXBuildFile; fileRef = DAF4D1FE2CAADE4C007EBAD7 /* Reachability.swift */; };
		DAF4D2012CAADE4C007EBAD7 /* HelperClass.swift in Sources */ = {isa = PBXBuildFile; fileRef = DAF4D1FF2CAADE4C007EBAD7 /* HelperClass.swift */; };
		DAF4D2052CAAE046007EBAD7 /* Extension+NSMutableAttributedString.swift in Sources */ = {isa = PBXBuildFile; fileRef = DAF4D2042CAAE046007EBAD7 /* Extension+NSMutableAttributedString.swift */; };
		F0E82A884B6F6E4FFBC3D2AF /* Pods_HackethonDemo.framework in Frameworks */ = {isa = PBXBuildFile; fileRef = CB494C258186EE72D26851F0 /* Pods_HackethonDemo.framework */; };
/* End PBXBuildFile section */

/* Begin PBXFileReference section */
		8D30CE5544E404DA7AD26DCA /* Pods-HackethonDemo.release.xcconfig */ = {isa = PBXFileReference; includeInIndex = 1; lastKnownFileType = text.xcconfig; name = "Pods-HackethonDemo.release.xcconfig"; path = "Target Support Files/Pods-HackethonDemo/Pods-HackethonDemo.release.xcconfig"; sourceTree = "<group>"; };
		CB494C258186EE72D26851F0 /* Pods_HackethonDemo.framework */ = {isa = PBXFileReference; explicitFileType = wrapper.framework; includeInIndex = 0; path = Pods_HackethonDemo.framework; sourceTree = BUILT_PRODUCTS_DIR; };
		DAF4D1DD2CAAC1DD007EBAD7 /* HackethonDemo.app */ = {isa = PBXFileReference; explicitFileType = wrapper.application; includeInIndex = 0; path = HackethonDemo.app; sourceTree = BUILT_PRODUCTS_DIR; };
		DAF4D1E02CAAC1DE007EBAD7 /* AppDelegate.swift */ = {isa = PBXFileReference; lastKnownFileType = sourcecode.swift; path = AppDelegate.swift; sourceTree = "<group>"; };
		DAF4D1E22CAAC1DE007EBAD7 /* SceneDelegate.swift */ = {isa = PBXFileReference; lastKnownFileType = sourcecode.swift; path = SceneDelegate.swift; sourceTree = "<group>"; };
		DAF4D1E42CAAC1DE007EBAD7 /* ViewController.swift */ = {isa = PBXFileReference; lastKnownFileType = sourcecode.swift; path = ViewController.swift; sourceTree = "<group>"; };
		DAF4D1E72CAAC1DE007EBAD7 /* Base */ = {isa = PBXFileReference; lastKnownFileType = file.storyboard; name = Base; path = Base.lproj/Main.storyboard; sourceTree = "<group>"; };
		DAF4D1E92CAAC1DF007EBAD7 /* Assets.xcassets */ = {isa = PBXFileReference; lastKnownFileType = folder.assetcatalog; path = Assets.xcassets; sourceTree = "<group>"; };
		DAF4D1EC2CAAC1DF007EBAD7 /* Base */ = {isa = PBXFileReference; lastKnownFileType = file.storyboard; name = Base; path = Base.lproj/LaunchScreen.storyboard; sourceTree = "<group>"; };
		DAF4D1EE2CAAC1DF007EBAD7 /* Info.plist */ = {isa = PBXFileReference; lastKnownFileType = text.plist.xml; path = Info.plist; sourceTree = "<group>"; };
		DAF4D1F42CAAC20A007EBAD7 /* APIManager.swift */ = {isa = PBXFileReference; fileEncoding = 4; lastKnownFileType = sourcecode.swift; path = APIManager.swift; sourceTree = "<group>"; };
		DAF4D1F72CAAC212007EBAD7 /* DisplayToast.swift */ = {isa = PBXFileReference; fileEncoding = 4; lastKnownFileType = sourcecode.swift; path = DisplayToast.swift; sourceTree = "<group>"; };
		DAF4D1F82CAAC212007EBAD7 /* NoInternet.swift */ = {isa = PBXFileReference; fileEncoding = 4; lastKnownFileType = sourcecode.swift; path = NoInternet.swift; sourceTree = "<group>"; };
		DAF4D1F92CAAC212007EBAD7 /* NoInternet.xib */ = {isa = PBXFileReference; fileEncoding = 4; lastKnownFileType = file.xib; path = NoInternet.xib; sourceTree = "<group>"; };
		DAF4D1FE2CAADE4C007EBAD7 /* Reachability.swift */ = {isa = PBXFileReference; fileEncoding = 4; lastKnownFileType = sourcecode.swift; path = Reachability.swift; sourceTree = "<group>"; };
		DAF4D1FF2CAADE4C007EBAD7 /* HelperClass.swift */ = {isa = PBXFileReference; fileEncoding = 4; lastKnownFileType = sourcecode.swift; path = HelperClass.swift; sourceTree = "<group>"; };
		DAF4D2042CAAE046007EBAD7 /* Extension+NSMutableAttributedString.swift */ = {isa = PBXFileReference; lastKnownFileType = sourcecode.swift; path = "Extension+NSMutableAttributedString.swift"; sourceTree = "<group>"; };
		FA277F2E86EC8EAE003799DC /* Pods-HackethonDemo.debug.xcconfig */ = {isa = PBXFileReference; includeInIndex = 1; lastKnownFileType = text.xcconfig; name = "Pods-HackethonDemo.debug.xcconfig"; path = "Target Support Files/Pods-HackethonDemo/Pods-HackethonDemo.debug.xcconfig"; sourceTree = "<group>"; };
/* End PBXFileReference section */

/* Begin PBXFrameworksBuildPhase section */
		DAF4D1DA2CAAC1DD007EBAD7 /* Frameworks */ = {
			isa = PBXFrameworksBuildPhase;
			buildActionMask = 2147483647;
			files = (
				F0E82A884B6F6E4FFBC3D2AF /* Pods_HackethonDemo.framework in Frameworks */,
			);
			runOnlyForDeploymentPostprocessing = 0;
		};
/* End PBXFrameworksBuildPhase section */

/* Begin PBXGroup section */
		7437A23781AE53C76085B3A3 /* Frameworks */ = {
			isa = PBXGroup;
			children = (
				CB494C258186EE72D26851F0 /* Pods_HackethonDemo.framework */,
			);
			name = Frameworks;
			sourceTree = "<group>";
		};
		82DC3E7D9237F0AB0920EFC7 /* Pods */ = {
			isa = PBXGroup;
			children = (
				FA277F2E86EC8EAE003799DC /* Pods-HackethonDemo.debug.xcconfig */,
				8D30CE5544E404DA7AD26DCA /* Pods-HackethonDemo.release.xcconfig */,
			);
			path = Pods;
			sourceTree = "<group>";
		};
		DAF4D1D42CAAC1DD007EBAD7 = {
			isa = PBXGroup;
			children = (
				DAF4D1DF2CAAC1DE007EBAD7 /* HackethonDemo */,
				DAF4D1DE2CAAC1DD007EBAD7 /* Products */,
				82DC3E7D9237F0AB0920EFC7 /* Pods */,
				7437A23781AE53C76085B3A3 /* Frameworks */,
			);
			sourceTree = "<group>";
		};
		DAF4D1DE2CAAC1DD007EBAD7 /* Products */ = {
			isa = PBXGroup;
			children = (
				DAF4D1DD2CAAC1DD007EBAD7 /* HackethonDemo.app */,
			);
			name = Products;
			sourceTree = "<group>";
		};
		DAF4D1DF2CAAC1DE007EBAD7 /* HackethonDemo */ = {
			isa = PBXGroup;
			children = (
				DAF4D2022CAADE50007EBAD7 /* Helper */,
				DAF4D1F52CAAC20A007EBAD7 /* APIManger */,
				DAF4D1FA2CAAC212007EBAD7 /* Network */,
				DAF4D1E02CAAC1DE007EBAD7 /* AppDelegate.swift */,
				DAF4D1E22CAAC1DE007EBAD7 /* SceneDelegate.swift */,
				DAF4D1E42CAAC1DE007EBAD7 /* ViewController.swift */,
				DAF4D1E62CAAC1DE007EBAD7 /* Main.storyboard */,
				DAF4D1E92CAAC1DF007EBAD7 /* Assets.xcassets */,
				DAF4D1EB2CAAC1DF007EBAD7 /* LaunchScreen.storyboard */,
				DAF4D1EE2CAAC1DF007EBAD7 /* Info.plist */,
			);
			path = HackethonDemo;
			sourceTree = "<group>";
		};
		DAF4D1F52CAAC20A007EBAD7 /* APIManger */ = {
			isa = PBXGroup;
			children = (
				DAF4D1F42CAAC20A007EBAD7 /* APIManager.swift */,
			);
			path = APIManger;
			sourceTree = "<group>";
		};
		DAF4D1FA2CAAC212007EBAD7 /* Network */ = {
			isa = PBXGroup;
			children = (
				DAF4D1FE2CAADE4C007EBAD7 /* Reachability.swift */,
				DAF4D1F72CAAC212007EBAD7 /* DisplayToast.swift */,
				DAF4D1F82CAAC212007EBAD7 /* NoInternet.swift */,
				DAF4D1F92CAAC212007EBAD7 /* NoInternet.xib */,
			);
			path = Network;
			sourceTree = "<group>";
		};
		DAF4D2022CAADE50007EBAD7 /* Helper */ = {
			isa = PBXGroup;
			children = (
				DAF4D2032CAAE02E007EBAD7 /* ExtensionHelper */,
				DAF4D1FF2CAADE4C007EBAD7 /* HelperClass.swift */,
			);
			path = Helper;
			sourceTree = "<group>";
		};
		DAF4D2032CAAE02E007EBAD7 /* ExtensionHelper */ = {
			isa = PBXGroup;
			children = (
				DAF4D2042CAAE046007EBAD7 /* Extension+NSMutableAttributedString.swift */,
			);
			path = ExtensionHelper;
			sourceTree = "<group>";
		};
/* End PBXGroup section */

/* Begin PBXNativeTarget section */
		DAF4D1DC2CAAC1DD007EBAD7 /* HackethonDemo */ = {
			isa = PBXNativeTarget;
			buildConfigurationList = DAF4D1F12CAAC1DF007EBAD7 /* Build configuration list for PBXNativeTarget "HackethonDemo" */;
			buildPhases = (
				C279C9A3934030FC88462B52 /* [CP] Check Pods Manifest.lock */,
				DAF4D1D92CAAC1DD007EBAD7 /* Sources */,
				DAF4D1DA2CAAC1DD007EBAD7 /* Frameworks */,
				DAF4D1DB2CAAC1DD007EBAD7 /* Resources */,
				E1BE7467B7C240DBBECF1AFD /* [CP] Embed Pods Frameworks */,
			);
			buildRules = (
			);
			dependencies = (
			);
			name = HackethonDemo;
			productName = HackethonDemo;
			productReference = DAF4D1DD2CAAC1DD007EBAD7 /* HackethonDemo.app */;
			productType = "com.apple.product-type.application";
		};
/* End PBXNativeTarget section */

/* Begin PBXProject section */
		DAF4D1D52CAAC1DD007EBAD7 /* Project object */ = {
			isa = PBXProject;
			attributes = {
				BuildIndependentTargetsInParallel = 1;
				LastSwiftUpdateCheck = 1540;
				LastUpgradeCheck = 1540;
				TargetAttributes = {
					DAF4D1DC2CAAC1DD007EBAD7 = {
						CreatedOnToolsVersion = 15.4;
					};
				};
			};
			buildConfigurationList = DAF4D1D82CAAC1DD007EBAD7 /* Build configuration list for PBXProject "HackethonDemo" */;
			compatibilityVersion = "Xcode 14.0";
			developmentRegion = en;
			hasScannedForEncodings = 0;
			knownRegions = (
				en,
				Base,
			);
			mainGroup = DAF4D1D42CAAC1DD007EBAD7;
			productRefGroup = DAF4D1DE2CAAC1DD007EBAD7 /* Products */;
			projectDirPath = "";
			projectRoot = "";
			targets = (
				DAF4D1DC2CAAC1DD007EBAD7 /* HackethonDemo */,
			);
		};
/* End PBXProject section */

/* Begin PBXResourcesBuildPhase section */
		DAF4D1DB2CAAC1DD007EBAD7 /* Resources */ = {
			isa = PBXResourcesBuildPhase;
			buildActionMask = 2147483647;
			files = (
				DAF4D1EA2CAAC1DF007EBAD7 /* Assets.xcassets in Resources */,
				DAF4D1FD2CAAC212007EBAD7 /* NoInternet.xib in Resources */,
				DAF4D1ED2CAAC1DF007EBAD7 /* Base in Resources */,
				DAF4D1E82CAAC1DE007EBAD7 /* Base in Resources */,
			);
			runOnlyForDeploymentPostprocessing = 0;
		};
/* End PBXResourcesBuildPhase section */

/* Begin PBXShellScriptBuildPhase section */
		C279C9A3934030FC88462B52 /* [CP] Check Pods Manifest.lock */ = {
			isa = PBXShellScriptBuildPhase;
			buildActionMask = 2147483647;
			files = (
			);
			inputFileListPaths = (
			);
			inputPaths = (
				"${PODS_PODFILE_DIR_PATH}/Podfile.lock",
				"${PODS_ROOT}/Manifest.lock",
			);
			name = "[CP] Check Pods Manifest.lock";
			outputFileListPaths = (
			);
			outputPaths = (
				"$(DERIVED_FILE_DIR)/Pods-HackethonDemo-checkManifestLockResult.txt",
			);
			runOnlyForDeploymentPostprocessing = 0;
			shellPath = /bin/sh;
			shellScript = "diff \"${PODS_PODFILE_DIR_PATH}/Podfile.lock\" \"${PODS_ROOT}/Manifest.lock\" > /dev/null\nif [ $? != 0 ] ; then\n    # print error to STDERR\n    echo \"error: The sandbox is not in sync with the Podfile.lock. Run 'pod install' or update your CocoaPods installation.\" >&2\n    exit 1\nfi\n# This output is used by Xcode 'outputs' to avoid re-running this script phase.\necho \"SUCCESS\" > \"${SCRIPT_OUTPUT_FILE_0}\"\n";
			showEnvVarsInLog = 0;
		};
		E1BE7467B7C240DBBECF1AFD /* [CP] Embed Pods Frameworks */ = {
			isa = PBXShellScriptBuildPhase;
			buildActionMask = 2147483647;
			files = (
			);
			inputFileListPaths = (
				"${PODS_ROOT}/Target Support Files/Pods-HackethonDemo/Pods-HackethonDemo-frameworks-${CONFIGURATION}-input-files.xcfilelist",
			);
			name = "[CP] Embed Pods Frameworks";
			outputFileListPaths = (
				"${PODS_ROOT}/Target Support Files/Pods-HackethonDemo/Pods-HackethonDemo-frameworks-${CONFIGURATION}-output-files.xcfilelist",
			);
			runOnlyForDeploymentPostprocessing = 0;
			shellPath = /bin/sh;
			shellScript = "\"${PODS_ROOT}/Target Support Files/Pods-HackethonDemo/Pods-HackethonDemo-frameworks.sh\"\n";
			showEnvVarsInLog = 0;
		};
/* End PBXShellScriptBuildPhase section */

/* Begin PBXSourcesBuildPhase section */
		DAF4D1D92CAAC1DD007EBAD7 /* Sources */ = {
			isa = PBXSourcesBuildPhase;
			buildActionMask = 2147483647;
			files = (
				DAF4D2002CAADE4C007EBAD7 /* Reachability.swift in Sources */,
				DAF4D1F62CAAC20A007EBAD7 /* APIManager.swift in Sources */,
				DAF4D2012CAADE4C007EBAD7 /* HelperClass.swift in Sources */,
				DAF4D2052CAAE046007EBAD7 /* Extension+NSMutableAttributedString.swift in Sources */,
				DAF4D1FB2CAAC212007EBAD7 /* DisplayToast.swift in Sources */,
				DAF4D1E52CAAC1DE007EBAD7 /* ViewController.swift in Sources */,
				DAF4D1FC2CAAC212007EBAD7 /* NoInternet.swift in Sources */,
				DAF4D1E12CAAC1DE007EBAD7 /* AppDelegate.swift in Sources */,
				DAF4D1E32CAAC1DE007EBAD7 /* SceneDelegate.swift in Sources */,
			);
			runOnlyForDeploymentPostprocessing = 0;
		};
/* End PBXSourcesBuildPhase section */

/* Begin PBXVariantGroup section */
		DAF4D1E62CAAC1DE007EBAD7 /* Main.storyboard */ = {
			isa = PBXVariantGroup;
			children = (
				DAF4D1E72CAAC1DE007EBAD7 /* Base */,
			);
			name = Main.storyboard;
			sourceTree = "<group>";
		};
		DAF4D1EB2CAAC1DF007EBAD7 /* LaunchScreen.storyboard */ = {
			isa = PBXVariantGroup;
			children = (
				DAF4D1EC2CAAC1DF007EBAD7 /* Base */,
			);
			name = LaunchScreen.storyboard;
			sourceTree = "<group>";
		};
/* End PBXVariantGroup section */

/* Begin XCBuildConfiguration section */
		DAF4D1EF2CAAC1DF007EBAD7 /* Debug */ = {
			isa = XCBuildConfiguration;
			buildSettings = {
				ALWAYS_SEARCH_USER_PATHS = NO;
				ASSETCATALOG_COMPILER_GENERATE_SWIFT_ASSET_SYMBOL_EXTENSIONS = YES;
				CLANG_ANALYZER_NONNULL = YES;
				CLANG_ANALYZER_NUMBER_OBJECT_CONVERSION = YES_AGGRESSIVE;
				CLANG_CXX_LANGUAGE_STANDARD = "gnu++20";
				CLANG_ENABLE_MODULES = YES;
				CLANG_ENABLE_OBJC_ARC = YES;
				CLANG_ENABLE_OBJC_WEAK = YES;
				CLANG_WARN_BLOCK_CAPTURE_AUTORELEASING = YES;
				CLANG_WARN_BOOL_CONVERSION = YES;
				CLANG_WARN_COMMA = YES;
				CLANG_WARN_CONSTANT_CONVERSION = YES;
				CLANG_WARN_DEPRECATED_OBJC_IMPLEMENTATIONS = YES;
				CLANG_WARN_DIRECT_OBJC_ISA_USAGE = YES_ERROR;
				CLANG_WARN_DOCUMENTATION_COMMENTS = YES;
				CLANG_WARN_EMPTY_BODY = YES;
				CLANG_WARN_ENUM_CONVERSION = YES;
				CLANG_WARN_INFINITE_RECURSION = YES;
				CLANG_WARN_INT_CONVERSION = YES;
				CLANG_WARN_NON_LITERAL_NULL_CONVERSION = YES;
				CLANG_WARN_OBJC_IMPLICIT_RETAIN_SELF = YES;
				CLANG_WARN_OBJC_LITERAL_CONVERSION = YES;
				CLANG_WARN_OBJC_ROOT_CLASS = YES_ERROR;
				CLANG_WARN_QUOTED_INCLUDE_IN_FRAMEWORK_HEADER = YES;
				CLANG_WARN_RANGE_LOOP_ANALYSIS = YES;
				CLANG_WARN_STRICT_PROTOTYPES = YES;
				CLANG_WARN_SUSPICIOUS_MOVE = YES;
				CLANG_WARN_UNGUARDED_AVAILABILITY = YES_AGGRESSIVE;
				CLANG_WARN_UNREACHABLE_CODE = YES;
				CLANG_WARN__DUPLICATE_METHOD_MATCH = YES;
				COPY_PHASE_STRIP = NO;
				DEBUG_INFORMATION_FORMAT = dwarf;
				ENABLE_STRICT_OBJC_MSGSEND = YES;
				ENABLE_TESTABILITY = YES;
				ENABLE_USER_SCRIPT_SANDBOXING = YES;
				GCC_C_LANGUAGE_STANDARD = gnu17;
				GCC_DYNAMIC_NO_PIC = NO;
				GCC_NO_COMMON_BLOCKS = YES;
				GCC_OPTIMIZATION_LEVEL = 0;
				GCC_PREPROCESSOR_DEFINITIONS = (
					"DEBUG=1",
					"$(inherited)",
				);
				GCC_WARN_64_TO_32_BIT_CONVERSION = YES;
				GCC_WARN_ABOUT_RETURN_TYPE = YES_ERROR;
				GCC_WARN_UNDECLARED_SELECTOR = YES;
				GCC_WARN_UNINITIALIZED_AUTOS = YES_AGGRESSIVE;
				GCC_WARN_UNUSED_FUNCTION = YES;
				GCC_WARN_UNUSED_VARIABLE = YES;
				IPHONEOS_DEPLOYMENT_TARGET = 17.5;
				LOCALIZATION_PREFERS_STRING_CATALOGS = YES;
				MTL_ENABLE_DEBUG_INFO = INCLUDE_SOURCE;
				MTL_FAST_MATH = YES;
				ONLY_ACTIVE_ARCH = YES;
				SDKROOT = iphoneos;
				SWIFT_ACTIVE_COMPILATION_CONDITIONS = "DEBUG $(inherited)";
				SWIFT_OPTIMIZATION_LEVEL = "-Onone";
			};
			name = Debug;
		};
		DAF4D1F02CAAC1DF007EBAD7 /* Release */ = {
			isa = XCBuildConfiguration;
			buildSettings = {
				ALWAYS_SEARCH_USER_PATHS = NO;
				ASSETCATALOG_COMPILER_GENERATE_SWIFT_ASSET_SYMBOL_EXTENSIONS = YES;
				CLANG_ANALYZER_NONNULL = YES;
				CLANG_ANALYZER_NUMBER_OBJECT_CONVERSION = YES_AGGRESSIVE;
				CLANG_CXX_LANGUAGE_STANDARD = "gnu++20";
				CLANG_ENABLE_MODULES = YES;
				CLANG_ENABLE_OBJC_ARC = YES;
				CLANG_ENABLE_OBJC_WEAK = YES;
				CLANG_WARN_BLOCK_CAPTURE_AUTORELEASING = YES;
				CLANG_WARN_BOOL_CONVERSION = YES;
				CLANG_WARN_COMMA = YES;
				CLANG_WARN_CONSTANT_CONVERSION = YES;
				CLANG_WARN_DEPRECATED_OBJC_IMPLEMENTATIONS = YES;
				CLANG_WARN_DIRECT_OBJC_ISA_USAGE = YES_ERROR;
				CLANG_WARN_DOCUMENTATION_COMMENTS = YES;
				CLANG_WARN_EMPTY_BODY = YES;
				CLANG_WARN_ENUM_CONVERSION = YES;
				CLANG_WARN_INFINITE_RECURSION = YES;
				CLANG_WARN_INT_CONVERSION = YES;
				CLANG_WARN_NON_LITERAL_NULL_CONVERSION = YES;
				CLANG_WARN_OBJC_IMPLICIT_RETAIN_SELF = YES;
				CLANG_WARN_OBJC_LITERAL_CONVERSION = YES;
				CLANG_WARN_OBJC_ROOT_CLASS = YES_ERROR;
				CLANG_WARN_QUOTED_INCLUDE_IN_FRAMEWORK_HEADER = YES;
				CLANG_WARN_RANGE_LOOP_ANALYSIS = YES;
				CLANG_WARN_STRICT_PROTOTYPES = YES;
				CLANG_WARN_SUSPICIOUS_MOVE = YES;
				CLANG_WARN_UNGUARDED_AVAILABILITY = YES_AGGRESSIVE;
				CLANG_WARN_UNREACHABLE_CODE = YES;
				CLANG_WARN__DUPLICATE_METHOD_MATCH = YES;
				COPY_PHASE_STRIP = NO;
				DEBUG_INFORMATION_FORMAT = "dwarf-with-dsym";
				ENABLE_NS_ASSERTIONS = NO;
				ENABLE_STRICT_OBJC_MSGSEND = YES;
				ENABLE_USER_SCRIPT_SANDBOXING = YES;
				GCC_C_LANGUAGE_STANDARD = gnu17;
				GCC_NO_COMMON_BLOCKS = YES;
				GCC_WARN_64_TO_32_BIT_CONVERSION = YES;
				GCC_WARN_ABOUT_RETURN_TYPE = YES_ERROR;
				GCC_WARN_UNDECLARED_SELECTOR = YES;
				GCC_WARN_UNINITIALIZED_AUTOS = YES_AGGRESSIVE;
				GCC_WARN_UNUSED_FUNCTION = YES;
				GCC_WARN_UNUSED_VARIABLE = YES;
				IPHONEOS_DEPLOYMENT_TARGET = 17.5;
				LOCALIZATION_PREFERS_STRING_CATALOGS = YES;
				MTL_ENABLE_DEBUG_INFO = NO;
				MTL_FAST_MATH = YES;
				SDKROOT = iphoneos;
				SWIFT_COMPILATION_MODE = wholemodule;
				VALIDATE_PRODUCT = YES;
			};
			name = Release;
		};
		DAF4D1F22CAAC1DF007EBAD7 /* Debug */ = {
			isa = XCBuildConfiguration;
			baseConfigurationReference = FA277F2E86EC8EAE003799DC /* Pods-HackethonDemo.debug.xcconfig */;
			buildSettings = {
				ASSETCATALOG_COMPILER_APPICON_NAME = AppIcon;
				ASSETCATALOG_COMPILER_GLOBAL_ACCENT_COLOR_NAME = AccentColor;
				CODE_SIGN_STYLE = Automatic;
				CURRENT_PROJECT_VERSION = 1;
				DEVELOPMENT_TEAM = C4F4UT46ET;
				ENABLE_USER_SCRIPT_SANDBOXING = NO;
				GENERATE_INFOPLIST_FILE = YES;
				INFOPLIST_FILE = HackethonDemo/Info.plist;
				INFOPLIST_KEY_UIApplicationSupportsIndirectInputEvents = YES;
				INFOPLIST_KEY_UILaunchStoryboardName = LaunchScreen;
				INFOPLIST_KEY_UIMainStoryboardFile = Main;
				INFOPLIST_KEY_UISupportedInterfaceOrientations_iPad = "UIInterfaceOrientationPortrait UIInterfaceOrientationPortraitUpsideDown UIInterfaceOrientationLandscapeLeft UIInterfaceOrientationLandscapeRight";
				INFOPLIST_KEY_UISupportedInterfaceOrientations_iPhone = "UIInterfaceOrientationPortrait UIInterfaceOrientationLandscapeLeft UIInterfaceOrientationLandscapeRight";
				LD_RUNPATH_SEARCH_PATHS = (
					"$(inherited)",
					"@executable_path/Frameworks",
				);
				MARKETING_VERSION = 1.0;
				PRODUCT_BUNDLE_IDENTIFIER = com.madeEasy.sample;
				PRODUCT_NAME = "$(TARGET_NAME)";
				SWIFT_EMIT_LOC_STRINGS = YES;
				SWIFT_VERSION = 5.0;
				TARGETED_DEVICE_FAMILY = "1,2";
			};
			name = Debug;
		};
		DAF4D1F32CAAC1DF007EBAD7 /* Release */ = {
			isa = XCBuildConfiguration;
			baseConfigurationReference = 8D30CE5544E404DA7AD26DCA /* Pods-HackethonDemo.release.xcconfig */;
			buildSettings = {
				ASSETCATALOG_COMPILER_APPICON_NAME = AppIcon;
				ASSETCATALOG_COMPILER_GLOBAL_ACCENT_COLOR_NAME = AccentColor;
				CODE_SIGN_STYLE = Automatic;
				CURRENT_PROJECT_VERSION = 1;
				DEVELOPMENT_TEAM = C4F4UT46ET;
				ENABLE_USER_SCRIPT_SANDBOXING = NO;
				GENERATE_INFOPLIST_FILE = YES;
				INFOPLIST_FILE = HackethonDemo/Info.plist;
				INFOPLIST_KEY_UIApplicationSupportsIndirectInputEvents = YES;
				INFOPLIST_KEY_UILaunchStoryboardName = LaunchScreen;
				INFOPLIST_KEY_UIMainStoryboardFile = Main;
				INFOPLIST_KEY_UISupportedInterfaceOrientations_iPad = "UIInterfaceOrientationPortrait UIInterfaceOrientationPortraitUpsideDown UIInterfaceOrientationLandscapeLeft UIInterfaceOrientationLandscapeRight";
				INFOPLIST_KEY_UISupportedInterfaceOrientations_iPhone = "UIInterfaceOrientationPortrait UIInterfaceOrientationLandscapeLeft UIInterfaceOrientationLandscapeRight";
				LD_RUNPATH_SEARCH_PATHS = (
					"$(inherited)",
					"@executable_path/Frameworks",
				);
				MARKETING_VERSION = 1.0;
				PRODUCT_BUNDLE_IDENTIFIER = com.madeEasy.sample;
				PRODUCT_NAME = "$(TARGET_NAME)";
				SWIFT_EMIT_LOC_STRINGS = YES;
				SWIFT_VERSION = 5.0;
				TARGETED_DEVICE_FAMILY = "1,2";
			};
			name = Release;
		};
/* End XCBuildConfiguration section */

/* Begin XCConfigurationList section */
		DAF4D1D82CAAC1DD007EBAD7 /* Build configuration list for PBXProject "HackethonDemo" */ = {
			isa = XCConfigurationList;
			buildConfigurations = (
				DAF4D1EF2CAAC1DF007EBAD7 /* Debug */,
				DAF4D1F02CAAC1DF007EBAD7 /* Release */,
			);
			defaultConfigurationIsVisible = 0;
			defaultConfigurationName = Release;
		};
		DAF4D1F12CAAC1DF007EBAD7 /* Build configuration list for PBXNativeTarget "HackethonDemo" */ = {
			isa = XCConfigurationList;
			buildConfigurations = (
				DAF4D1F22CAAC1DF007EBAD7 /* Debug */,
				DAF4D1F32CAAC1DF007EBAD7 /* Release */,
			);
			defaultConfigurationIsVisible = 0;
			defaultConfigurationName = Release;
		};
/* End XCConfigurationList section */
	};
	rootObject = DAF4D1D52CAAC1DD007EBAD7 /* Project object */;
}
